
Microsoft Visual Studio Solution File, Format Version 12.00
# Visual Studio 2012
Project("{8BC9CEB8-8B4A-11D0-8D11-00A0C91BC942}") = "jStimpert0430-AdvC++-Week4LabA", "jStimpert0430-AdvC++-Week4LabA\jStimpert0430-AdvC++-Week4LabA.vcxproj", "{60C473F0-4B8B-4BA4-A07B-4607EC3B05BC}"
EndProject
Global
	GlobalSection(SolutionConfigurationPlatforms) = preSolution
		Debug|Win32 = Debug|Win32
		Release|Win32 = Release|Win32
	EndGlobalSection
	GlobalSection(ProjectConfigurationPlatforms) = postSolution
		{60C473F0-4B8B-4BA4-A07B-4607EC3B05BC}.Debug|Win32.ActiveCfg = Debug|Win32
		{60C473F0-4B8B-4BA4-A07B-4607EC3B05BC}.Debug|Win32.Build.0 = Debug|Win32
		{60C473F0-4B8B-4BA4-A07B-4607EC3B05BC}.Release|Win32.ActiveCfg = Release|Win32
		{60C473F0-4B8B-4BA4-A07B-4607EC3B05BC}.Release|Win32.Build.0 = Release|Win32
	EndGlobalSection
	GlobalSection(SolutionProperties) = preSolution
		HideSolutionNode = FALSE
	EndGlobalSection
EndGlobal
